
Microsoft Visual Studio Solution File, Format Version 12.00
# Visual Studio Version 17
VisualStudioVersion = 17.7.34221.43
MinimumVisualStudioVersion = 10.0.40219.1
Project("{FAE04EC0-301F-11D3-BF4B-00C04F79EFBC}") = "GEST", "GEST\GEST.csproj", "{428FA4C4-2C01-40AA-8CDB-492AD901DA9C}"
EndProject
Global
	GlobalSection(SolutionConfigurationPlatforms) = preSolution
		Debug|Any CPU = Debug|Any CPU
		Release|Any CPU = Release|Any CPU
	EndGlobalSection
	GlobalSection(ProjectConfigurationPlatforms) = postSolution
		{428FA4C4-2C01-40AA-8CDB-492AD901DA9C}.Debug|Any CPU.ActiveCfg = Debug|Any CPU
		{428FA4C4-2C01-40AA-8CDB-492AD901DA9C}.Debug|Any CPU.Build.0 = Debug|Any CPU
		{428FA4C4-2C01-40AA-8CDB-492AD901DA9C}.Release|Any CPU.ActiveCfg = Release|Any CPU
		{428FA4C4-2C01-40AA-8CDB-492AD901DA9C}.Release|Any CPU.Build.0 = Release|Any CPU
	EndGlobalSection
	GlobalSection(SolutionProperties) = preSolution
		HideSolutionNode = FALSE
	EndGlobalSection
	GlobalSection(ExtensibilityGlobals) = postSolution
		SolutionGuid = {60A44067-3D3B-4007-AA50-DA8AB498CF0A}
	EndGlobalSection
EndGlobal
